
Microsoft Visual Studio Solution File, Format Version 12.00
# Visual Studio Version 17
VisualStudioVersion = 17.3.32901.215
MinimumVisualStudioVersion = 10.0.40219.1
Project("{FAE04EC0-301F-11D3-BF4B-00C04F79EFBC}") = "Uygulama if else if 1", "Uygulama if else if 1\Uygulama if else if 1.csproj", "{0703D52B-82BA-4FE5-A346-4AB0C6864AA4}"
EndProject
Global
	GlobalSection(SolutionConfigurationPlatforms) = preSolution
		Debug|Any CPU = Debug|Any CPU
		Release|Any CPU = Release|Any CPU
	EndGlobalSection
	GlobalSection(ProjectConfigurationPlatforms) = postSolution
		{0703D52B-82BA-4FE5-A346-4AB0C6864AA4}.Debug|Any CPU.ActiveCfg = Debug|Any CPU
		{0703D52B-82BA-4FE5-A346-4AB0C6864AA4}.Debug|Any CPU.Build.0 = Debug|Any CPU
		{0703D52B-82BA-4FE5-A346-4AB0C6864AA4}.Release|Any CPU.ActiveCfg = Release|Any CPU
		{0703D52B-82BA-4FE5-A346-4AB0C6864AA4}.Release|Any CPU.Build.0 = Release|Any CPU
	EndGlobalSection
	GlobalSection(SolutionProperties) = preSolution
		HideSolutionNode = FALSE
	EndGlobalSection
	GlobalSection(ExtensibilityGlobals) = postSolution
		SolutionGuid = {BD7C8734-332D-4036-A9F1-9932064E00FB}
	EndGlobalSection
EndGlobal
